
Microsoft Visual Studio Solution File, Format Version 12.00
# Visual Studio 2013
VisualStudioVersion = 12.0.30723.0
MinimumVisualStudioVersion = 10.0.40219.1
Project("{FAE04EC0-301F-11D3-BF4B-00C04F79EFBC}") = "Team7.LoLApiManager", "Team7.LoLAPIManager\Team7.LoLApiManager.csproj", "{44752282-F336-4221-BCDF-8BE83648707B}"
EndProject
Project("{FAE04EC0-301F-11D3-BF4B-00C04F79EFBC}") = "Team7.LoLApiManager.Test", "Team7.LoLApiManager.Test\Team7.LoLApiManager.Test.csproj", "{BCF7CA73-9C4B-4F7D-BC50-C7D1EE00A898}"
EndProject
Global
	GlobalSection(SolutionConfigurationPlatforms) = preSolution
		Debug|Any CPU = Debug|Any CPU
		Release|Any CPU = Release|Any CPU
	EndGlobalSection
	GlobalSection(ProjectConfigurationPlatforms) = postSolution
		{44752282-F336-4221-BCDF-8BE83648707B}.Debug|Any CPU.ActiveCfg = Debug|Any CPU
		{44752282-F336-4221-BCDF-8BE83648707B}.Debug|Any CPU.Build.0 = Debug|Any CPU
		{44752282-F336-4221-BCDF-8BE83648707B}.Release|Any CPU.ActiveCfg = Release|Any CPU
		{44752282-F336-4221-BCDF-8BE83648707B}.Release|Any CPU.Build.0 = Release|Any CPU
		{BCF7CA73-9C4B-4F7D-BC50-C7D1EE00A898}.Debug|Any CPU.ActiveCfg = Debug|Any CPU
		{BCF7CA73-9C4B-4F7D-BC50-C7D1EE00A898}.Debug|Any CPU.Build.0 = Debug|Any CPU
		{BCF7CA73-9C4B-4F7D-BC50-C7D1EE00A898}.Release|Any CPU.ActiveCfg = Release|Any CPU
		{BCF7CA73-9C4B-4F7D-BC50-C7D1EE00A898}.Release|Any CPU.Build.0 = Release|Any CPU
	EndGlobalSection
	GlobalSection(SolutionProperties) = preSolution
		HideSolutionNode = FALSE
	EndGlobalSection
EndGlobal
